
Microsoft Visual Studio Solution File, Format Version 12.00
# Visual Studio 15
VisualStudioVersion = 15.0.27130.2027
MinimumVisualStudioVersion = 10.0.40219.1
Project("{FAE04EC0-301F-11D3-BF4B-00C04F79EFBC}") = "homeWorkOne", "homeWorkOne\homeWorkOne.csproj", "{9B825629-6327-44F7-9EFB-91B3933F0D1B}"
EndProject
Project("{FAE04EC0-301F-11D3-BF4B-00C04F79EFBC}") = "homework3", "homework3\homework3.csproj", "{3BF735B4-BF6B-4D41-A216-E38458F2D176}"
EndProject
Project("{FAE04EC0-301F-11D3-BF4B-00C04F79EFBC}") = "homework4", "homework4\homework4.csproj", "{3B92B0AB-CB3D-40F4-B188-7BCC90FB46A0}"
EndProject
Project("{FAE04EC0-301F-11D3-BF4B-00C04F79EFBC}") = "homework5", "homework5\homework5.csproj", "{A8D0ED04-A9EC-4187-8CB1-9D73C11D2D4D}"
EndProject
Project("{FAE04EC0-301F-11D3-BF4B-00C04F79EFBC}") = "homework6", "homework6\homework6.csproj", "{16304924-A4D1-4101-8FCF-EECE0C28B4AF}"
EndProject
Project("{FAE04EC0-301F-11D3-BF4B-00C04F79EFBC}") = "homework7", "homework7\homework7.csproj", "{B0814CAC-2334-4EA2-993D-8E3D0E7AABD0}"
EndProject
Project("{FAE04EC0-301F-11D3-BF4B-00C04F79EFBC}") = "homework8", "homework8\homework8.csproj", "{7CC80D31-9F78-49C1-8B10-CBC79132567A}"
EndProject
Project("{FAE04EC0-301F-11D3-BF4B-00C04F79EFBC}") = "homework8Tests", "homework8Tests\homework8Tests.csproj", "{DF3B761A-36FB-4BDB-A630-1B19D58989CC}"
EndProject
Project("{FAE04EC0-301F-11D3-BF4B-00C04F79EFBC}") = "homework9", "homework9\homework9.csproj", "{4821413F-6CD6-4C6F-BBEE-D29ECDD10E81}"
EndProject
Project("{FAE04EC0-301F-11D3-BF4B-00C04F79EFBC}") = "homework11", "homework11\homework11.csproj", "{DEC619D4-D32C-45A3-B8BD-6D53A4B75D7E}"
EndProject
Global
	GlobalSection(SolutionConfigurationPlatforms) = preSolution
		Debug|Any CPU = Debug|Any CPU
		Release|Any CPU = Release|Any CPU
	EndGlobalSection
	GlobalSection(ProjectConfigurationPlatforms) = postSolution
		{9B825629-6327-44F7-9EFB-91B3933F0D1B}.Debug|Any CPU.ActiveCfg = Debug|Any CPU
		{9B825629-6327-44F7-9EFB-91B3933F0D1B}.Debug|Any CPU.Build.0 = Debug|Any CPU
		{9B825629-6327-44F7-9EFB-91B3933F0D1B}.Release|Any CPU.ActiveCfg = Release|Any CPU
		{9B825629-6327-44F7-9EFB-91B3933F0D1B}.Release|Any CPU.Build.0 = Release|Any CPU
		{3BF735B4-BF6B-4D41-A216-E38458F2D176}.Debug|Any CPU.ActiveCfg = Debug|Any CPU
		{3BF735B4-BF6B-4D41-A216-E38458F2D176}.Debug|Any CPU.Build.0 = Debug|Any CPU
		{3BF735B4-BF6B-4D41-A216-E38458F2D176}.Release|Any CPU.ActiveCfg = Release|Any CPU
		{3BF735B4-BF6B-4D41-A216-E38458F2D176}.Release|Any CPU.Build.0 = Release|Any CPU
		{3B92B0AB-CB3D-40F4-B188-7BCC90FB46A0}.Debug|Any CPU.ActiveCfg = Debug|Any CPU
		{3B92B0AB-CB3D-40F4-B188-7BCC90FB46A0}.Debug|Any CPU.Build.0 = Debug|Any CPU
		{3B92B0AB-CB3D-40F4-B188-7BCC90FB46A0}.Release|Any CPU.ActiveCfg = Release|Any CPU
		{3B92B0AB-CB3D-40F4-B188-7BCC90FB46A0}.Release|Any CPU.Build.0 = Release|Any CPU
		{A8D0ED04-A9EC-4187-8CB1-9D73C11D2D4D}.Debug|Any CPU.ActiveCfg = Debug|Any CPU
		{A8D0ED04-A9EC-4187-8CB1-9D73C11D2D4D}.Debug|Any CPU.Build.0 = Debug|Any CPU
		{A8D0ED04-A9EC-4187-8CB1-9D73C11D2D4D}.Release|Any CPU.ActiveCfg = Release|Any CPU
		{A8D0ED04-A9EC-4187-8CB1-9D73C11D2D4D}.Release|Any CPU.Build.0 = Release|Any CPU
		{16304924-A4D1-4101-8FCF-EECE0C28B4AF}.Debug|Any CPU.ActiveCfg = Debug|Any CPU
		{16304924-A4D1-4101-8FCF-EECE0C28B4AF}.Debug|Any CPU.Build.0 = Debug|Any CPU
		{16304924-A4D1-4101-8FCF-EECE0C28B4AF}.Release|Any CPU.ActiveCfg = Release|Any CPU
		{16304924-A4D1-4101-8FCF-EECE0C28B4AF}.Release|Any CPU.Build.0 = Release|Any CPU
		{B0814CAC-2334-4EA2-993D-8E3D0E7AABD0}.Debug|Any CPU.ActiveCfg = Debug|Any CPU
		{B0814CAC-2334-4EA2-993D-8E3D0E7AABD0}.Debug|Any CPU.Build.0 = Debug|Any CPU
		{B0814CAC-2334-4EA2-993D-8E3D0E7AABD0}.Release|Any CPU.ActiveCfg = Release|Any CPU
		{B0814CAC-2334-4EA2-993D-8E3D0E7AABD0}.Release|Any CPU.Build.0 = Release|Any CPU
		{7CC80D31-9F78-49C1-8B10-CBC79132567A}.Debug|Any CPU.ActiveCfg = Debug|Any CPU
		{7CC80D31-9F78-49C1-8B10-CBC79132567A}.Debug|Any CPU.Build.0 = Debug|Any CPU
		{7CC80D31-9F78-49C1-8B10-CBC79132567A}.Release|Any CPU.ActiveCfg = Release|Any CPU
		{7CC80D31-9F78-49C1-8B10-CBC79132567A}.Release|Any CPU.Build.0 = Release|Any CPU
		{DF3B761A-36FB-4BDB-A630-1B19D58989CC}.Debug|Any CPU.ActiveCfg = Debug|Any CPU
		{DF3B761A-36FB-4BDB-A630-1B19D58989CC}.Debug|Any CPU.Build.0 = Debug|Any CPU
		{DF3B761A-36FB-4BDB-A630-1B19D58989CC}.Release|Any CPU.ActiveCfg = Release|Any CPU
		{DF3B761A-36FB-4BDB-A630-1B19D58989CC}.Release|Any CPU.Build.0 = Release|Any CPU
		{4821413F-6CD6-4C6F-BBEE-D29ECDD10E81}.Debug|Any CPU.ActiveCfg = Debug|Any CPU
		{4821413F-6CD6-4C6F-BBEE-D29ECDD10E81}.Debug|Any CPU.Build.0 = Debug|Any CPU
		{4821413F-6CD6-4C6F-BBEE-D29ECDD10E81}.Release|Any CPU.ActiveCfg = Release|Any CPU
		{4821413F-6CD6-4C6F-BBEE-D29ECDD10E81}.Release|Any CPU.Build.0 = Release|Any CPU
		{DEC619D4-D32C-45A3-B8BD-6D53A4B75D7E}.Debug|Any CPU.ActiveCfg = Debug|Any CPU
		{DEC619D4-D32C-45A3-B8BD-6D53A4B75D7E}.Debug|Any CPU.Build.0 = Debug|Any CPU
		{DEC619D4-D32C-45A3-B8BD-6D53A4B75D7E}.Release|Any CPU.ActiveCfg = Release|Any CPU
		{DEC619D4-D32C-45A3-B8BD-6D53A4B75D7E}.Release|Any CPU.Build.0 = Release|Any CPU
	EndGlobalSection
	GlobalSection(SolutionProperties) = preSolution
		HideSolutionNode = FALSE
	EndGlobalSection
	GlobalSection(ExtensibilityGlobals) = postSolution
		SolutionGuid = {C6733EFE-C57C-421A-8B06-105B9A17F3BA}
	EndGlobalSection
EndGlobal
